
Microsoft Visual Studio Solution File, Format Version 12.00
# Visual Studio Version 16
VisualStudioVersion = 16.0.30523.141
MinimumVisualStudioVersion = 10.0.40219.1
Project("{FAE04EC0-301F-11D3-BF4B-00C04F79EFBC}") = "SMP", "SMP.csproj", "{28697DFD-6F51-483E-82B0-0CDC9F871B5E}"
EndProject
Global
	GlobalSection(SolutionConfigurationPlatforms) = preSolution
		Debug|Any CPU = Debug|Any CPU
		Release|Any CPU = Release|Any CPU
	EndGlobalSection
	GlobalSection(ProjectConfigurationPlatforms) = postSolution
		{28697DFD-6F51-483E-82B0-0CDC9F871B5E}.Debug|Any CPU.ActiveCfg = Debug|Any CPU
		{28697DFD-6F51-483E-82B0-0CDC9F871B5E}.Debug|Any CPU.Build.0 = Debug|Any CPU
		{28697DFD-6F51-483E-82B0-0CDC9F871B5E}.Release|Any CPU.ActiveCfg = Release|Any CPU
		{28697DFD-6F51-483E-82B0-0CDC9F871B5E}.Release|Any CPU.Build.0 = Release|Any CPU
	EndGlobalSection
	GlobalSection(SolutionProperties) = preSolution
		HideSolutionNode = FALSE
	EndGlobalSection
	GlobalSection(ExtensibilityGlobals) = postSolution
		SolutionGuid = {D98CB9C7-EA87-4AAF-896A-F39CCC1F4F39}
	EndGlobalSection
EndGlobal
